
Microsoft Visual Studio Solution File, Format Version 12.00
# Visual Studio Version 16
VisualStudioVersion = 16.0.32106.194
MinimumVisualStudioVersion = 10.0.40219.1
Project("{FAE04EC0-301F-11D3-BF4B-00C04F79EFBC}") = "HelpMeDesk", "HelpMeDesk\HelpMeDesk.csproj", "{1F114050-7198-4A05-A8E0-1DD7611524C6}"
EndProject
Project("{FAE04EC0-301F-11D3-BF4B-00C04F79EFBC}") = "Data", "Data\Data.csproj", "{8760D4D5-FA01-48D2-A912-592D1EF1F29F}"
EndProject
Project("{FAE04EC0-301F-11D3-BF4B-00C04F79EFBC}") = "Domain", "Domain\Domain.csproj", "{292AA030-90CB-4BE5-B19A-93932EEFC0D6}"
EndProject
Project("{FAE04EC0-301F-11D3-BF4B-00C04F79EFBC}") = "Test", "Test\Test.csproj", "{E2166CD5-4712-4361-B80B-0EABDA13319A}"
EndProject
Global
	GlobalSection(SolutionConfigurationPlatforms) = preSolution
		Debug|Any CPU = Debug|Any CPU
		Release|Any CPU = Release|Any CPU
	EndGlobalSection
	GlobalSection(ProjectConfigurationPlatforms) = postSolution
		{1F114050-7198-4A05-A8E0-1DD7611524C6}.Debug|Any CPU.ActiveCfg = Debug|Any CPU
		{1F114050-7198-4A05-A8E0-1DD7611524C6}.Debug|Any CPU.Build.0 = Debug|Any CPU
		{1F114050-7198-4A05-A8E0-1DD7611524C6}.Release|Any CPU.ActiveCfg = Release|Any CPU
		{1F114050-7198-4A05-A8E0-1DD7611524C6}.Release|Any CPU.Build.0 = Release|Any CPU
		{8760D4D5-FA01-48D2-A912-592D1EF1F29F}.Debug|Any CPU.ActiveCfg = Debug|Any CPU
		{8760D4D5-FA01-48D2-A912-592D1EF1F29F}.Debug|Any CPU.Build.0 = Debug|Any CPU
		{8760D4D5-FA01-48D2-A912-592D1EF1F29F}.Release|Any CPU.ActiveCfg = Release|Any CPU
		{8760D4D5-FA01-48D2-A912-592D1EF1F29F}.Release|Any CPU.Build.0 = Release|Any CPU
		{292AA030-90CB-4BE5-B19A-93932EEFC0D6}.Debug|Any CPU.ActiveCfg = Debug|Any CPU
		{292AA030-90CB-4BE5-B19A-93932EEFC0D6}.Debug|Any CPU.Build.0 = Debug|Any CPU
		{292AA030-90CB-4BE5-B19A-93932EEFC0D6}.Release|Any CPU.ActiveCfg = Release|Any CPU
		{292AA030-90CB-4BE5-B19A-93932EEFC0D6}.Release|Any CPU.Build.0 = Release|Any CPU
		{E2166CD5-4712-4361-B80B-0EABDA13319A}.Debug|Any CPU.ActiveCfg = Debug|Any CPU
		{E2166CD5-4712-4361-B80B-0EABDA13319A}.Debug|Any CPU.Build.0 = Debug|Any CPU
		{E2166CD5-4712-4361-B80B-0EABDA13319A}.Release|Any CPU.ActiveCfg = Release|Any CPU
		{E2166CD5-4712-4361-B80B-0EABDA13319A}.Release|Any CPU.Build.0 = Release|Any CPU
	EndGlobalSection
	GlobalSection(SolutionProperties) = preSolution
		HideSolutionNode = FALSE
	EndGlobalSection
	GlobalSection(ExtensibilityGlobals) = postSolution
		SolutionGuid = {FD3A9885-CE22-44DD-B249-7761BD60A279}
	EndGlobalSection
EndGlobal
